
Microsoft Visual Studio Solution File, Format Version 12.00
# Visual Studio Version 16
VisualStudioVersion = 16.0.32002.261
MinimumVisualStudioVersion = 10.0.40219.1
Project("{FAE04EC0-301F-11D3-BF4B-00C04F79EFBC}") = "OctopusToTasks", "OctopusToTasks.csproj", "{68A662DA-870B-44AF-A9F1-6DF997EF461F}"
EndProject
Global
	GlobalSection(SolutionConfigurationPlatforms) = preSolution
		Debug|Any CPU = Debug|Any CPU
		Release|Any CPU = Release|Any CPU
	EndGlobalSection
	GlobalSection(ProjectConfigurationPlatforms) = postSolution
		{68A662DA-870B-44AF-A9F1-6DF997EF461F}.Debug|Any CPU.ActiveCfg = Debug|Any CPU
		{68A662DA-870B-44AF-A9F1-6DF997EF461F}.Debug|Any CPU.Build.0 = Debug|Any CPU
		{68A662DA-870B-44AF-A9F1-6DF997EF461F}.Release|Any CPU.ActiveCfg = Release|Any CPU
		{68A662DA-870B-44AF-A9F1-6DF997EF461F}.Release|Any CPU.Build.0 = Release|Any CPU
	EndGlobalSection
	GlobalSection(SolutionProperties) = preSolution
		HideSolutionNode = FALSE
	EndGlobalSection
	GlobalSection(ExtensibilityGlobals) = postSolution
		SolutionGuid = {4C7CF973-AEB8-40E0-9681-E90A5680A6DB}
	EndGlobalSection
EndGlobal
